
Microsoft Visual Studio Solution File, Format Version 12.00
# Visual Studio Version 16
VisualStudioVersion = 16.0.29728.190
MinimumVisualStudioVersion = 10.0.40219.1
Project("{9A19103F-16F7-4668-BE54-9A1E7A4F7556}") = "Uplift", "Uplift.csproj", "{1E9E56B6-13FE-47B7-A184-ADF5AD415FED}"
EndProject
Project("{9A19103F-16F7-4668-BE54-9A1E7A4F7556}") = "Uplift.DataAccess", "..\Uplift.DataAccess\Uplift.DataAccess.csproj", "{4386FAD7-7FB4-4A38-A098-D3983AB618CD}"
EndProject
Project("{9A19103F-16F7-4668-BE54-9A1E7A4F7556}") = "Uplift.Models", "..\Uplift.Models\Uplift.Models.csproj", "{33C3B439-EB2A-4825-AB3E-5C0EB5FF445D}"
EndProject
Project("{9A19103F-16F7-4668-BE54-9A1E7A4F7556}") = "Uplift.Utility", "..\Uplift.Utility\Uplift.Utility.csproj", "{8F386750-CA50-4206-8263-092FD9E888CC}"
EndProject
Global
	GlobalSection(SolutionConfigurationPlatforms) = preSolution
		Debug|Any CPU = Debug|Any CPU
		Release|Any CPU = Release|Any CPU
	EndGlobalSection
	GlobalSection(ProjectConfigurationPlatforms) = postSolution
		{1E9E56B6-13FE-47B7-A184-ADF5AD415FED}.Debug|Any CPU.ActiveCfg = Debug|Any CPU
		{1E9E56B6-13FE-47B7-A184-ADF5AD415FED}.Debug|Any CPU.Build.0 = Debug|Any CPU
		{1E9E56B6-13FE-47B7-A184-ADF5AD415FED}.Release|Any CPU.ActiveCfg = Release|Any CPU
		{1E9E56B6-13FE-47B7-A184-ADF5AD415FED}.Release|Any CPU.Build.0 = Release|Any CPU
		{4386FAD7-7FB4-4A38-A098-D3983AB618CD}.Debug|Any CPU.ActiveCfg = Debug|Any CPU
		{4386FAD7-7FB4-4A38-A098-D3983AB618CD}.Debug|Any CPU.Build.0 = Debug|Any CPU
		{4386FAD7-7FB4-4A38-A098-D3983AB618CD}.Release|Any CPU.ActiveCfg = Release|Any CPU
		{4386FAD7-7FB4-4A38-A098-D3983AB618CD}.Release|Any CPU.Build.0 = Release|Any CPU
		{33C3B439-EB2A-4825-AB3E-5C0EB5FF445D}.Debug|Any CPU.ActiveCfg = Debug|Any CPU
		{33C3B439-EB2A-4825-AB3E-5C0EB5FF445D}.Debug|Any CPU.Build.0 = Debug|Any CPU
		{33C3B439-EB2A-4825-AB3E-5C0EB5FF445D}.Release|Any CPU.ActiveCfg = Release|Any CPU
		{33C3B439-EB2A-4825-AB3E-5C0EB5FF445D}.Release|Any CPU.Build.0 = Release|Any CPU
		{8F386750-CA50-4206-8263-092FD9E888CC}.Debug|Any CPU.ActiveCfg = Debug|Any CPU
		{8F386750-CA50-4206-8263-092FD9E888CC}.Debug|Any CPU.Build.0 = Debug|Any CPU
		{8F386750-CA50-4206-8263-092FD9E888CC}.Release|Any CPU.ActiveCfg = Release|Any CPU
		{8F386750-CA50-4206-8263-092FD9E888CC}.Release|Any CPU.Build.0 = Release|Any CPU
	EndGlobalSection
	GlobalSection(SolutionProperties) = preSolution
		HideSolutionNode = FALSE
	EndGlobalSection
	GlobalSection(ExtensibilityGlobals) = postSolution
		SolutionGuid = {5D2192BC-784B-4886-B5A2-0080F96FE125}
	EndGlobalSection
EndGlobal
